// !$*UTF8*$!
{
	archiveVersion = 1;
	classes = {
	};
	objectVersion = 56;
	objects = {

/* Begin PBXBuildFile section */
		9B0F66E42A1E9FCA00C471A8 /* TestBuilder.swift in Sources */ = {isa = PBXBuildFile; fileRef = 9B0F66E32A1E9FCA00C471A8 /* TestBuilder.swift */; };
		9B0F66E62A1E9FE900C471A8 /* TestView.swift in Sources */ = {isa = PBXBuildFile; fileRef = 9B0F66E52A1E9FE900C471A8 /* TestView.swift */; };
		9B0F66E82A1EA02300C471A8 /* TestView+ViewModel.swift in Sources */ = {isa = PBXBuildFile; fileRef = 9B0F66E72A1EA02300C471A8 /* TestView+ViewModel.swift */; };
		9B4653AC2A1E95E7004C3734 /* View+Navigation.swift in Sources */ = {isa = PBXBuildFile; fileRef = 9B4653AB2A1E95E7004C3734 /* View+Navigation.swift */; };
		9BB012842A1E7AF800E9C094 /* AppPlaygroundApp.swift in Sources */ = {isa = PBXBuildFile; fileRef = 9BB012832A1E7AF800E9C094 /* AppPlaygroundApp.swift */; };
		9BB012882A1E7AF900E9C094 /* Assets.xcassets in Resources */ = {isa = PBXBuildFile; fileRef = 9BB012872A1E7AF900E9C094 /* Assets.xcassets */; };
		9BB0128B2A1E7AF900E9C094 /* Preview Assets.xcassets in Resources */ = {isa = PBXBuildFile; fileRef = 9BB0128A2A1E7AF900E9C094 /* Preview Assets.xcassets */; };
		9BB012942A1E7BB700E9C094 /* ContentView.swift in Sources */ = {isa = PBXBuildFile; fileRef = 9BB012932A1E7BB700E9C094 /* ContentView.swift */; };
		9BB012972A1E7C1E00E9C094 /* ContentView+ViewModel.swift in Sources */ = {isa = PBXBuildFile; fileRef = 9BB012962A1E7C1E00E9C094 /* ContentView+ViewModel.swift */; };
		9BB012992A1E7C5400E9C094 /* ContentBuilder.swift in Sources */ = {isa = PBXBuildFile; fileRef = 9BB012982A1E7C5400E9C094 /* ContentBuilder.swift */; };
		9BB0129D2A1E807700E9C094 /* HomeView.swift in Sources */ = {isa = PBXBuildFile; fileRef = 9BB0129C2A1E807700E9C094 /* HomeView.swift */; };
		9BB0129F2A1E808B00E9C094 /* HomeBuilder.swift in Sources */ = {isa = PBXBuildFile; fileRef = 9BB0129E2A1E808B00E9C094 /* HomeBuilder.swift */; };
		9BB012A12A1E809800E9C094 /* HomeView+ViewModel.swift in Sources */ = {isa = PBXBuildFile; fileRef = 9BB012A02A1E809800E9C094 /* HomeView+ViewModel.swift */; };
		9BB012A32A1E81C100E9C094 /* NavigationState.swift in Sources */ = {isa = PBXBuildFile; fileRef = 9BB012A22A1E81C100E9C094 /* NavigationState.swift */; };
		9BB012A72A1E83A800E9C094 /* Color+Custom.swift in Sources */ = {isa = PBXBuildFile; fileRef = 9BB012A62A1E83A800E9C094 /* Color+Custom.swift */; };
/* End PBXBuildFile section */

/* Begin PBXFileReference section */
		9B0F66E32A1E9FCA00C471A8 /* TestBuilder.swift */ = {isa = PBXFileReference; lastKnownFileType = sourcecode.swift; path = TestBuilder.swift; sourceTree = "<group>"; };
		9B0F66E52A1E9FE900C471A8 /* TestView.swift */ = {isa = PBXFileReference; lastKnownFileType = sourcecode.swift; path = TestView.swift; sourceTree = "<group>"; };
		9B0F66E72A1EA02300C471A8 /* TestView+ViewModel.swift */ = {isa = PBXFileReference; lastKnownFileType = sourcecode.swift; path = "TestView+ViewModel.swift"; sourceTree = "<group>"; };
		9B4653AB2A1E95E7004C3734 /* View+Navigation.swift */ = {isa = PBXFileReference; lastKnownFileType = sourcecode.swift; path = "View+Navigation.swift"; sourceTree = "<group>"; };
		9BB012802A1E7AF800E9C094 /* AppPlayground.app */ = {isa = PBXFileReference; explicitFileType = wrapper.application; includeInIndex = 0; path = AppPlayground.app; sourceTree = BUILT_PRODUCTS_DIR; };
		9BB012832A1E7AF800E9C094 /* AppPlaygroundApp.swift */ = {isa = PBXFileReference; lastKnownFileType = sourcecode.swift; path = AppPlaygroundApp.swift; sourceTree = "<group>"; };
		9BB012872A1E7AF900E9C094 /* Assets.xcassets */ = {isa = PBXFileReference; lastKnownFileType = folder.assetcatalog; path = Assets.xcassets; sourceTree = "<group>"; };
		9BB0128A2A1E7AF900E9C094 /* Preview Assets.xcassets */ = {isa = PBXFileReference; lastKnownFileType = folder.assetcatalog; path = "Preview Assets.xcassets"; sourceTree = "<group>"; };
		9BB012932A1E7BB700E9C094 /* ContentView.swift */ = {isa = PBXFileReference; lastKnownFileType = sourcecode.swift; path = ContentView.swift; sourceTree = "<group>"; };
		9BB012962A1E7C1E00E9C094 /* ContentView+ViewModel.swift */ = {isa = PBXFileReference; lastKnownFileType = sourcecode.swift; path = "ContentView+ViewModel.swift"; sourceTree = "<group>"; };
		9BB012982A1E7C5400E9C094 /* ContentBuilder.swift */ = {isa = PBXFileReference; lastKnownFileType = sourcecode.swift; path = ContentBuilder.swift; sourceTree = "<group>"; };
		9BB0129C2A1E807700E9C094 /* HomeView.swift */ = {isa = PBXFileReference; lastKnownFileType = sourcecode.swift; path = HomeView.swift; sourceTree = "<group>"; };
		9BB0129E2A1E808B00E9C094 /* HomeBuilder.swift */ = {isa = PBXFileReference; lastKnownFileType = sourcecode.swift; path = HomeBuilder.swift; sourceTree = "<group>"; };
		9BB012A02A1E809800E9C094 /* HomeView+ViewModel.swift */ = {isa = PBXFileReference; lastKnownFileType = sourcecode.swift; path = "HomeView+ViewModel.swift"; sourceTree = "<group>"; };
		9BB012A22A1E81C100E9C094 /* NavigationState.swift */ = {isa = PBXFileReference; lastKnownFileType = sourcecode.swift; path = NavigationState.swift; sourceTree = "<group>"; };
		9BB012A62A1E83A800E9C094 /* Color+Custom.swift */ = {isa = PBXFileReference; lastKnownFileType = sourcecode.swift; path = "Color+Custom.swift"; sourceTree = "<group>"; };
/* End PBXFileReference section */

/* Begin PBXFrameworksBuildPhase section */
		9BB0127D2A1E7AF800E9C094 /* Frameworks */ = {
			isa = PBXFrameworksBuildPhase;
			buildActionMask = 2147483647;
			files = (
			);
			runOnlyForDeploymentPostprocessing = 0;
		};
/* End PBXFrameworksBuildPhase section */

/* Begin PBXGroup section */
		9B0F66E22A1E9FB100C471A8 /* Test */ = {
			isa = PBXGroup;
			children = (
				9B0F66E32A1E9FCA00C471A8 /* TestBuilder.swift */,
				9B0F66E52A1E9FE900C471A8 /* TestView.swift */,
				9B0F66E72A1EA02300C471A8 /* TestView+ViewModel.swift */,
			);
			path = Test;
			sourceTree = "<group>";
		};
		9BB012772A1E7AF800E9C094 = {
			isa = PBXGroup;
			children = (
				9BB012822A1E7AF800E9C094 /* AppPlayground */,
				9BB012812A1E7AF800E9C094 /* Products */,
			);
			sourceTree = "<group>";
		};
		9BB012812A1E7AF800E9C094 /* Products */ = {
			isa = PBXGroup;
			children = (
				9BB012802A1E7AF800E9C094 /* AppPlayground.app */,
			);
			name = Products;
			sourceTree = "<group>";
		};
		9BB012822A1E7AF800E9C094 /* AppPlayground */ = {
			isa = PBXGroup;
			children = (
				9BB012A42A1E839400E9C094 /* Core */,
				9BB012912A1E7B9900E9C094 /* Modules */,
				9BB0129A2A1E7D0600E9C094 /* Resources */,
				9BB012832A1E7AF800E9C094 /* AppPlaygroundApp.swift */,
			);
			path = AppPlayground;
			sourceTree = "<group>";
		};
		9BB012892A1E7AF900E9C094 /* Preview Content */ = {
			isa = PBXGroup;
			children = (
				9BB0128A2A1E7AF900E9C094 /* Preview Assets.xcassets */,
			);
			path = "Preview Content";
			sourceTree = "<group>";
		};
		9BB012912A1E7B9900E9C094 /* Modules */ = {
			isa = PBXGroup;
			children = (
				9BB012922A1E7BA000E9C094 /* Content */,
				9BB0129B2A1E806900E9C094 /* Home */,
				9B0F66E22A1E9FB100C471A8 /* Test */,
				9BB012A22A1E81C100E9C094 /* NavigationState.swift */,
			);
			path = Modules;
			sourceTree = "<group>";
		};
		9BB012922A1E7BA000E9C094 /* Content */ = {
			isa = PBXGroup;
			children = (
				9BB012982A1E7C5400E9C094 /* ContentBuilder.swift */,
				9BB012932A1E7BB700E9C094 /* ContentView.swift */,
				9BB012962A1E7C1E00E9C094 /* ContentView+ViewModel.swift */,
			);
			path = Content;
			sourceTree = "<group>";
		};
		9BB0129A2A1E7D0600E9C094 /* Resources */ = {
			isa = PBXGroup;
			children = (
				9BB012892A1E7AF900E9C094 /* Preview Content */,
				9BB012872A1E7AF900E9C094 /* Assets.xcassets */,
			);
			path = Resources;
			sourceTree = "<group>";
		};
		9BB0129B2A1E806900E9C094 /* Home */ = {
			isa = PBXGroup;
			children = (
				9BB0129E2A1E808B00E9C094 /* HomeBuilder.swift */,
				9BB0129C2A1E807700E9C094 /* HomeView.swift */,
				9BB012A02A1E809800E9C094 /* HomeView+ViewModel.swift */,
			);
			path = Home;
			sourceTree = "<group>";
		};
		9BB012A42A1E839400E9C094 /* Core */ = {
			isa = PBXGroup;
			children = (
				9BB012A52A1E839A00E9C094 /* Extensions */,
			);
			path = Core;
			sourceTree = "<group>";
		};
		9BB012A52A1E839A00E9C094 /* Extensions */ = {
			isa = PBXGroup;
			children = (
				9BB012A62A1E83A800E9C094 /* Color+Custom.swift */,
				9B4653AB2A1E95E7004C3734 /* View+Navigation.swift */,
			);
			path = Extensions;
			sourceTree = "<group>";
		};
/* End PBXGroup section */

/* Begin PBXNativeTarget section */
		9BB0127F2A1E7AF800E9C094 /* AppPlayground */ = {
			isa = PBXNativeTarget;
			buildConfigurationList = 9BB0128E2A1E7AF900E9C094 /* Build configuration list for PBXNativeTarget "AppPlayground" */;
			buildPhases = (
				9BB0127C2A1E7AF800E9C094 /* Sources */,
				9BB0127D2A1E7AF800E9C094 /* Frameworks */,
				9BB0127E2A1E7AF800E9C094 /* Resources */,
			);
			buildRules = (
			);
			dependencies = (
			);
			name = AppPlayground;
			productName = AppPlayground;
			productReference = 9BB012802A1E7AF800E9C094 /* AppPlayground.app */;
			productType = "com.apple.product-type.application";
		};
/* End PBXNativeTarget section */

/* Begin PBXProject section */
		9BB012782A1E7AF800E9C094 /* Project object */ = {
			isa = PBXProject;
			attributes = {
				BuildIndependentTargetsInParallel = 1;
				LastSwiftUpdateCheck = 1430;
				LastUpgradeCheck = 1430;
				TargetAttributes = {
					9BB0127F2A1E7AF800E9C094 = {
						CreatedOnToolsVersion = 14.3;
					};
				};
			};
			buildConfigurationList = 9BB0127B2A1E7AF800E9C094 /* Build configuration list for PBXProject "AppPlayground" */;
			compatibilityVersion = "Xcode 14.0";
			developmentRegion = en;
			hasScannedForEncodings = 0;
			knownRegions = (
				en,
				Base,
			);
			mainGroup = 9BB012772A1E7AF800E9C094;
			productRefGroup = 9BB012812A1E7AF800E9C094 /* Products */;
			projectDirPath = "";
			projectRoot = "";
			targets = (
				9BB0127F2A1E7AF800E9C094 /* AppPlayground */,
			);
		};
/* End PBXProject section */

/* Begin PBXResourcesBuildPhase section */
		9BB0127E2A1E7AF800E9C094 /* Resources */ = {
			isa = PBXResourcesBuildPhase;
			buildActionMask = 2147483647;
			files = (
				9BB0128B2A1E7AF900E9C094 /* Preview Assets.xcassets in Resources */,
				9BB012882A1E7AF900E9C094 /* Assets.xcassets in Resources */,
			);
			runOnlyForDeploymentPostprocessing = 0;
		};
/* End PBXResourcesBuildPhase section */

/* Begin PBXSourcesBuildPhase section */
		9BB0127C2A1E7AF800E9C094 /* Sources */ = {
			isa = PBXSourcesBuildPhase;
			buildActionMask = 2147483647;
			files = (
				9B0F66E62A1E9FE900C471A8 /* TestView.swift in Sources */,
				9BB012A12A1E809800E9C094 /* HomeView+ViewModel.swift in Sources */,
				9BB012A32A1E81C100E9C094 /* NavigationState.swift in Sources */,
				9BB0129F2A1E808B00E9C094 /* HomeBuilder.swift in Sources */,
				9BB012942A1E7BB700E9C094 /* ContentView.swift in Sources */,
				9BB012972A1E7C1E00E9C094 /* ContentView+ViewModel.swift in Sources */,
				9BB012842A1E7AF800E9C094 /* AppPlaygroundApp.swift in Sources */,
				9B4653AC2A1E95E7004C3734 /* View+Navigation.swift in Sources */,
				9BB0129D2A1E807700E9C094 /* HomeView.swift in Sources */,
				9BB012A72A1E83A800E9C094 /* Color+Custom.swift in Sources */,
				9B0F66E82A1EA02300C471A8 /* TestView+ViewModel.swift in Sources */,
				9BB012992A1E7C5400E9C094 /* ContentBuilder.swift in Sources */,
				9B0F66E42A1E9FCA00C471A8 /* TestBuilder.swift in Sources */,
			);
			runOnlyForDeploymentPostprocessing = 0;
		};
/* End PBXSourcesBuildPhase section */

/* Begin XCBuildConfiguration section */
		9BB0128C2A1E7AF900E9C094 /* Debug */ = {
			isa = XCBuildConfiguration;
			buildSettings = {
				ALWAYS_SEARCH_USER_PATHS = NO;
				CLANG_ANALYZER_NONNULL = YES;
				CLANG_ANALYZER_NUMBER_OBJECT_CONVERSION = YES_AGGRESSIVE;
				CLANG_CXX_LANGUAGE_STANDARD = "gnu++20";
				CLANG_ENABLE_MODULES = YES;
				CLANG_ENABLE_OBJC_ARC = YES;
				CLANG_ENABLE_OBJC_WEAK = YES;
				CLANG_WARN_BLOCK_CAPTURE_AUTORELEASING = YES;
				CLANG_WARN_BOOL_CONVERSION = YES;
				CLANG_WARN_COMMA = YES;
				CLANG_WARN_CONSTANT_CONVERSION = YES;
				CLANG_WARN_DEPRECATED_OBJC_IMPLEMENTATIONS = YES;
				CLANG_WARN_DIRECT_OBJC_ISA_USAGE = YES_ERROR;
				CLANG_WARN_DOCUMENTATION_COMMENTS = YES;
				CLANG_WARN_EMPTY_BODY = YES;
				CLANG_WARN_ENUM_CONVERSION = YES;
				CLANG_WARN_INFINITE_RECURSION = YES;
				CLANG_WARN_INT_CONVERSION = YES;
				CLANG_WARN_NON_LITERAL_NULL_CONVERSION = YES;
				CLANG_WARN_OBJC_IMPLICIT_RETAIN_SELF = YES;
				CLANG_WARN_OBJC_LITERAL_CONVERSION = YES;
				CLANG_WARN_OBJC_ROOT_CLASS = YES_ERROR;
				CLANG_WARN_QUOTED_INCLUDE_IN_FRAMEWORK_HEADER = YES;
				CLANG_WARN_RANGE_LOOP_ANALYSIS = YES;
				CLANG_WARN_STRICT_PROTOTYPES = YES;
				CLANG_WARN_SUSPICIOUS_MOVE = YES;
				CLANG_WARN_UNGUARDED_AVAILABILITY = YES_AGGRESSIVE;
				CLANG_WARN_UNREACHABLE_CODE = YES;
				CLANG_WARN__DUPLICATE_METHOD_MATCH = YES;
				COPY_PHASE_STRIP = NO;
				DEBUG_INFORMATION_FORMAT = dwarf;
				ENABLE_STRICT_OBJC_MSGSEND = YES;
				ENABLE_TESTABILITY = YES;
				GCC_C_LANGUAGE_STANDARD = gnu11;
				GCC_DYNAMIC_NO_PIC = NO;
				GCC_NO_COMMON_BLOCKS = YES;
				GCC_OPTIMIZATION_LEVEL = 0;
				GCC_PREPROCESSOR_DEFINITIONS = (
					"DEBUG=1",
					"$(inherited)",
				);
				GCC_WARN_64_TO_32_BIT_CONVERSION = YES;
				GCC_WARN_ABOUT_RETURN_TYPE = YES_ERROR;
				GCC_WARN_UNDECLARED_SELECTOR = YES;
				GCC_WARN_UNINITIALIZED_AUTOS = YES_AGGRESSIVE;
				GCC_WARN_UNUSED_FUNCTION = YES;
				GCC_WARN_UNUSED_VARIABLE = YES;
				IPHONEOS_DEPLOYMENT_TARGET = 16.4;
				MTL_ENABLE_DEBUG_INFO = INCLUDE_SOURCE;
				MTL_FAST_MATH = YES;
				ONLY_ACTIVE_ARCH = YES;
				SDKROOT = iphoneos;
				SWIFT_ACTIVE_COMPILATION_CONDITIONS = DEBUG;
				SWIFT_OPTIMIZATION_LEVEL = "-Onone";
			};
			name = Debug;
		};
		9BB0128D2A1E7AF900E9C094 /* Release */ = {
			isa = XCBuildConfiguration;
			buildSettings = {
				ALWAYS_SEARCH_USER_PATHS = NO;
				CLANG_ANALYZER_NONNULL = YES;
				CLANG_ANALYZER_NUMBER_OBJECT_CONVERSION = YES_AGGRESSIVE;
				CLANG_CXX_LANGUAGE_STANDARD = "gnu++20";
				CLANG_ENABLE_MODULES = YES;
				CLANG_ENABLE_OBJC_ARC = YES;
				CLANG_ENABLE_OBJC_WEAK = YES;
				CLANG_WARN_BLOCK_CAPTURE_AUTORELEASING = YES;
				CLANG_WARN_BOOL_CONVERSION = YES;
				CLANG_WARN_COMMA = YES;
				CLANG_WARN_CONSTANT_CONVERSION = YES;
				CLANG_WARN_DEPRECATED_OBJC_IMPLEMENTATIONS = YES;
				CLANG_WARN_DIRECT_OBJC_ISA_USAGE = YES_ERROR;
				CLANG_WARN_DOCUMENTATION_COMMENTS = YES;
				CLANG_WARN_EMPTY_BODY = YES;
				CLANG_WARN_ENUM_CONVERSION = YES;
				CLANG_WARN_INFINITE_RECURSION = YES;
				CLANG_WARN_INT_CONVERSION = YES;
				CLANG_WARN_NON_LITERAL_NULL_CONVERSION = YES;
				CLANG_WARN_OBJC_IMPLICIT_RETAIN_SELF = YES;
				CLANG_WARN_OBJC_LITERAL_CONVERSION = YES;
				CLANG_WARN_OBJC_ROOT_CLASS = YES_ERROR;
				CLANG_WARN_QUOTED_INCLUDE_IN_FRAMEWORK_HEADER = YES;
				CLANG_WARN_RANGE_LOOP_ANALYSIS = YES;
				CLANG_WARN_STRICT_PROTOTYPES = YES;
				CLANG_WARN_SUSPICIOUS_MOVE = YES;
				CLANG_WARN_UNGUARDED_AVAILABILITY = YES_AGGRESSIVE;
				CLANG_WARN_UNREACHABLE_CODE = YES;
				CLANG_WARN__DUPLICATE_METHOD_MATCH = YES;
				COPY_PHASE_STRIP = NO;
				DEBUG_INFORMATION_FORMAT = "dwarf-with-dsym";
				ENABLE_NS_ASSERTIONS = NO;
				ENABLE_STRICT_OBJC_MSGSEND = YES;
				GCC_C_LANGUAGE_STANDARD = gnu11;
				GCC_NO_COMMON_BLOCKS = YES;
				GCC_WARN_64_TO_32_BIT_CONVERSION = YES;
				GCC_WARN_ABOUT_RETURN_TYPE = YES_ERROR;
				GCC_WARN_UNDECLARED_SELECTOR = YES;
				GCC_WARN_UNINITIALIZED_AUTOS = YES_AGGRESSIVE;
				GCC_WARN_UNUSED_FUNCTION = YES;
				GCC_WARN_UNUSED_VARIABLE = YES;
				IPHONEOS_DEPLOYMENT_TARGET = 16.4;
				MTL_ENABLE_DEBUG_INFO = NO;
				MTL_FAST_MATH = YES;
				SDKROOT = iphoneos;
				SWIFT_COMPILATION_MODE = wholemodule;
				SWIFT_OPTIMIZATION_LEVEL = "-O";
				VALIDATE_PRODUCT = YES;
			};
			name = Release;
		};
		9BB0128F2A1E7AF900E9C094 /* Debug */ = {
			isa = XCBuildConfiguration;
			buildSettings = {
				ASSETCATALOG_COMPILER_APPICON_NAME = AppIcon;
				ASSETCATALOG_COMPILER_GLOBAL_ACCENT_COLOR_NAME = AccentColor;
				CODE_SIGN_STYLE = Automatic;
				CURRENT_PROJECT_VERSION = 1;
				DEVELOPMENT_ASSET_PATHS = "\"AppPlayground/Resources/Preview Content\"";
				DEVELOPMENT_TEAM = 7ACUHP269Y;
				ENABLE_PREVIEWS = YES;
				GENERATE_INFOPLIST_FILE = YES;
				INFOPLIST_KEY_UIApplicationSceneManifest_Generation = YES;
				INFOPLIST_KEY_UIApplicationSupportsIndirectInputEvents = YES;
				INFOPLIST_KEY_UILaunchScreen_Generation = YES;
				INFOPLIST_KEY_UISupportedInterfaceOrientations_iPad = "UIInterfaceOrientationPortrait UIInterfaceOrientationPortraitUpsideDown UIInterfaceOrientationLandscapeLeft UIInterfaceOrientationLandscapeRight";
				INFOPLIST_KEY_UISupportedInterfaceOrientations_iPhone = "UIInterfaceOrientationPortrait UIInterfaceOrientationLandscapeLeft UIInterfaceOrientationLandscapeRight";
				LD_RUNPATH_SEARCH_PATHS = (
					"$(inherited)",
					"@executable_path/Frameworks",
				);
				MARKETING_VERSION = 1.0;
				PRODUCT_BUNDLE_IDENTIFIER = com.braiscastro.AppPlayground;
				PRODUCT_NAME = "$(TARGET_NAME)";
				SWIFT_EMIT_LOC_STRINGS = YES;
				SWIFT_VERSION = 5.0;
				TARGETED_DEVICE_FAMILY = "1,2";
			};
			name = Debug;
		};
		9BB012902A1E7AF900E9C094 /* Release */ = {
			isa = XCBuildConfiguration;
			buildSettings = {
				ASSETCATALOG_COMPILER_APPICON_NAME = AppIcon;
				ASSETCATALOG_COMPILER_GLOBAL_ACCENT_COLOR_NAME = AccentColor;
				CODE_SIGN_STYLE = Automatic;
				CURRENT_PROJECT_VERSION = 1;
				DEVELOPMENT_ASSET_PATHS = "\"AppPlayground/Resources/Preview Content\"";
				DEVELOPMENT_TEAM = 7ACUHP269Y;
				ENABLE_PREVIEWS = YES;
				GENERATE_INFOPLIST_FILE = YES;
				INFOPLIST_KEY_UIApplicationSceneManifest_Generation = YES;
				INFOPLIST_KEY_UIApplicationSupportsIndirectInputEvents = YES;
				INFOPLIST_KEY_UILaunchScreen_Generation = YES;
				INFOPLIST_KEY_UISupportedInterfaceOrientations_iPad = "UIInterfaceOrientationPortrait UIInterfaceOrientationPortraitUpsideDown UIInterfaceOrientationLandscapeLeft UIInterfaceOrientationLandscapeRight";
				INFOPLIST_KEY_UISupportedInterfaceOrientations_iPhone = "UIInterfaceOrientationPortrait UIInterfaceOrientationLandscapeLeft UIInterfaceOrientationLandscapeRight";
				LD_RUNPATH_SEARCH_PATHS = (
					"$(inherited)",
					"@executable_path/Frameworks",
				);
				MARKETING_VERSION = 1.0;
				PRODUCT_BUNDLE_IDENTIFIER = com.braiscastro.AppPlayground;
				PRODUCT_NAME = "$(TARGET_NAME)";
				SWIFT_EMIT_LOC_STRINGS = YES;
				SWIFT_VERSION = 5.0;
				TARGETED_DEVICE_FAMILY = "1,2";
			};
			name = Release;
		};
/* End XCBuildConfiguration section */

/* Begin XCConfigurationList section */
		9BB0127B2A1E7AF800E9C094 /* Build configuration list for PBXProject "AppPlayground" */ = {
			isa = XCConfigurationList;
			buildConfigurations = (
				9BB0128C2A1E7AF900E9C094 /* Debug */,
				9BB0128D2A1E7AF900E9C094 /* Release */,
			);
			defaultConfigurationIsVisible = 0;
			defaultConfigurationName = Release;
		};
		9BB0128E2A1E7AF900E9C094 /* Build configuration list for PBXNativeTarget "AppPlayground" */ = {
			isa = XCConfigurationList;
			buildConfigurations = (
				9BB0128F2A1E7AF900E9C094 /* Debug */,
				9BB012902A1E7AF900E9C094 /* Release */,
			);
			defaultConfigurationIsVisible = 0;
			defaultConfigurationName = Release;
		};
/* End XCConfigurationList section */
	};
	rootObject = 9BB012782A1E7AF800E9C094 /* Project object */;
}
